
Microsoft Visual Studio Solution File, Format Version 12.00
# Visual Studio Version 17
VisualStudioVersion = 17.9.34616.47
MinimumVisualStudioVersion = 10.0.40219.1
Project("{FAE04EC0-301F-11D3-BF4B-00C04F79EFBC}") = "Lab1", "Lab1\Lab1.csproj", "{B4C6CF41-8C4F-4078-9F83-ADA26AAC9C1C}"
EndProject
Global
	GlobalSection(SolutionConfigurationPlatforms) = preSolution
		Debug|Any CPU = Debug|Any CPU
		Release|Any CPU = Release|Any CPU
	EndGlobalSection
	GlobalSection(ProjectConfigurationPlatforms) = postSolution
		{B4C6CF41-8C4F-4078-9F83-ADA26AAC9C1C}.Debug|Any CPU.ActiveCfg = Debug|Any CPU
		{B4C6CF41-8C4F-4078-9F83-ADA26AAC9C1C}.Debug|Any CPU.Build.0 = Debug|Any CPU
		{B4C6CF41-8C4F-4078-9F83-ADA26AAC9C1C}.Release|Any CPU.ActiveCfg = Release|Any CPU
		{B4C6CF41-8C4F-4078-9F83-ADA26AAC9C1C}.Release|Any CPU.Build.0 = Release|Any CPU
	EndGlobalSection
	GlobalSection(SolutionProperties) = preSolution
		HideSolutionNode = FALSE
	EndGlobalSection
	GlobalSection(ExtensibilityGlobals) = postSolution
		SolutionGuid = {D4F0C593-2CDA-469B-AF09-B9BEFE81ED53}
	EndGlobalSection
EndGlobal
